%{"cowboy": {:package, "1.0.0"},
  "cowlib": {:package, "1.0.0"},
  "earmark": {:package, "0.1.8"},
  "httpotion": {:package, "0.2.4"},
  "ibrowse": {:git, "git://github.com/cmullaparthi/ibrowse.git", "7871e2ebe8811efb64e1917e2de455fa87e8dfe3", [tag: "v4.1.0"]},
  "json": {:git, "git://github.com/schultyy/elixir-json.git", "ed6b81c8e8830ff50f1d21e7950b9df0f09c7c13", []},
  "linguist": {:package, "0.1.2"},
  "phoenix": {:package, "0.4.1"},
  "plug": {:package, "0.7.0"},
  "poison": {:package, "1.1.1"},
  "ranch": {:package, "1.0.0"},
  "yamerl": {:git, "git://github.com/yakaz/yamerl.git", "a974d31325106fb4e8423e1af43e1dd9018d1218", []}}
