%{"cowboy": {:package, "1.0.0"},
  "cowlib": {:package, "1.0.0"},
  "earmark": {:package, "0.1.8"},
  "linguist": {:package, "0.1.2"},
  "phoenix": {:package, "0.4.1"},
  "plug": {:package, "0.7.0"},
  "poison": {:package, "1.1.1"},
  "ranch": {:package, "1.0.0"},
  "yamerl": {:git, "git://github.com/yakaz/yamerl.git", "a974d31325106fb4e8423e1af43e1dd9018d1218", []}}
